
Microsoft Visual Studio Solution File, Format Version 12.00
# Visual Studio Version 16
VisualStudioVersion = 16.0.28407.52
MinimumVisualStudioVersion = 10.0.40219.1
Project("{FAE04EC0-301F-11D3-BF4B-00C04F79EFBC}") = "GPMDP-Api", "GPMDP-Api\GPMDP-Api.csproj", "{DE9F7588-8A1A-4060-9B4A-A591C86BDBB2}"
EndProject
Project("{FAE04EC0-301F-11D3-BF4B-00C04F79EFBC}") = "Testing", "Testing\Testing.csproj", "{FA77E858-C515-4A69-90D9-4741004D6A96}"
EndProject
Global
	GlobalSection(SolutionConfigurationPlatforms) = preSolution
		Debug|Any CPU = Debug|Any CPU
		Release|Any CPU = Release|Any CPU
	EndGlobalSection
	GlobalSection(ProjectConfigurationPlatforms) = postSolution
		{DE9F7588-8A1A-4060-9B4A-A591C86BDBB2}.Debug|Any CPU.ActiveCfg = Debug|Any CPU
		{DE9F7588-8A1A-4060-9B4A-A591C86BDBB2}.Debug|Any CPU.Build.0 = Debug|Any CPU
		{DE9F7588-8A1A-4060-9B4A-A591C86BDBB2}.Release|Any CPU.ActiveCfg = Release|Any CPU
		{DE9F7588-8A1A-4060-9B4A-A591C86BDBB2}.Release|Any CPU.Build.0 = Release|Any CPU
		{FA77E858-C515-4A69-90D9-4741004D6A96}.Debug|Any CPU.ActiveCfg = Debug|Any CPU
		{FA77E858-C515-4A69-90D9-4741004D6A96}.Debug|Any CPU.Build.0 = Debug|Any CPU
		{FA77E858-C515-4A69-90D9-4741004D6A96}.Release|Any CPU.ActiveCfg = Release|Any CPU
		{FA77E858-C515-4A69-90D9-4741004D6A96}.Release|Any CPU.Build.0 = Release|Any CPU
	EndGlobalSection
	GlobalSection(SolutionProperties) = preSolution
		HideSolutionNode = FALSE
	EndGlobalSection
	GlobalSection(ExtensibilityGlobals) = postSolution
		SolutionGuid = {FC4999DD-0FB7-407B-9594-9C1C85947997}
	EndGlobalSection
EndGlobal
